<?xml version="1.0" encoding="utf-8"?>
<Project ToolsVersion="4.0" xmlns="http://schemas.microsoft.com/developer/msbuild/2003">
  <ItemGroup>
    <Filter Include="Source Files">
      <UniqueIdentifier>{631e0212-0485-43b7-9c01-9c559efbf9a8}</UniqueIdentifier>
      <Extensions>cpp;c;cxx;rc;def;r;odl;idl;hpj;bat</Extensions>
    </Filter>
    <Filter Include="Header Files">
      <UniqueIdentifier>{86f60167-6805-4677-910a-6653a18b3394}</UniqueIdentifier>
      <Extensions>h;hpp;hxx;hm;inl</Extensions>
    </Filter>
    <Filter Include="Resource Files">
      <UniqueIdentifier>{8a084df3-fdde-4dbb-9a92-6f5b953003e7}</UniqueIdentifier>
      <Extensions>ico;cur;bmp;dlg;rc2;rct;bin;rgs;gif;jpg;jpeg;jpe</Extensions>
    </Filter>
  </ItemGroup>
  <ItemGroup>
    <ClCompile Include="AddSingerDlg.cpp">
      <Filter>Source Files</Filter>
    </ClCompile>
    <ClCompile Include="BTNST.CPP">
      <Filter>Source Files</Filter>
    </ClCompile>
    <ClCompile Include="DialogBarPlay.cpp">
      <Filter>Source Files</Filter>
    </ClCompile>
    <ClCompile Include="EditSong.cpp">
      <Filter>Source Files</Filter>
    </ClCompile>
    <ClCompile Include="LeftTreeView.cpp">
      <Filter>Source Files</Filter>
    </ClCompile>
    <ClCompile Include="MainFrm.cpp">
      <Filter>Source Files</Filter>
    </ClCompile>
    <ClCompile Include="MP3Song.cpp">
      <Filter>Source Files</Filter>
    </ClCompile>
    <ClCompile Include="MP3SongDoc.cpp">
      <Filter>Source Files</Filter>
    </ClCompile>
    <ClCompile Include="MP3SongView.cpp">
      <Filter>Source Files</Filter>
    </ClCompile>
    <ClCompile Include="QueryDlg.cpp">
      <Filter>Source Files</Filter>
    </ClCompile>
    <ClCompile Include="RightListView.cpp">
      <Filter>Source Files</Filter>
    </ClCompile>
    <ClCompile Include="SongRecordSet.cpp">
      <Filter>Source Files</Filter>
    </ClCompile>
    <ClCompile Include="StdAfx.cpp">
      <Filter>Source Files</Filter>
    </ClCompile>
  </ItemGroup>
  <ItemGroup>
    <ResourceCompile Include="MP3Song.rc">
      <Filter>Source Files</Filter>
    </ResourceCompile>
  </ItemGroup>
  <ItemGroup>
    <ClInclude Include="AddSingerDlg.h">
      <Filter>Header Files</Filter>
    </ClInclude>
    <ClInclude Include="BTNST.H">
      <Filter>Header Files</Filter>
    </ClInclude>
    <ClInclude Include="DialogBarPlay.h">
      <Filter>Header Files</Filter>
    </ClInclude>
    <ClInclude Include="EditSong.h">
      <Filter>Header Files</Filter>
    </ClInclude>
    <ClInclude Include="GenreTab.h">
      <Filter>Header Files</Filter>
    </ClInclude>
    <ClInclude Include="LeftTreeView.h">
      <Filter>Header Files</Filter>
    </ClInclude>
    <ClInclude Include="MainFrm.h">
      <Filter>Header Files</Filter>
    </ClInclude>
    <ClInclude Include="MP3Song.h">
      <Filter>Header Files</Filter>
    </ClInclude>
    <ClInclude Include="MP3SongDoc.h">
      <Filter>Header Files</Filter>
    </ClInclude>
    <ClInclude Include="MP3SongView.h">
      <Filter>Header Files</Filter>
    </ClInclude>
    <ClInclude Include="QueryDlg.h">
      <Filter>Header Files</Filter>
    </ClInclude>
    <ClInclude Include="Resource.h">
      <Filter>Header Files</Filter>
    </ClInclude>
    <ClInclude Include="RightListView.h">
      <Filter>Header Files</Filter>
    </ClInclude>
    <ClInclude Include="SongRecordSet.h">
      <Filter>Header Files</Filter>
    </ClInclude>
    <ClInclude Include="StdAfx.h">
      <Filter>Header Files</Filter>
    </ClInclude>
  </ItemGroup>
  <ItemGroup>
    <Image Include="res\Chapter20.ico">
      <Filter>Resource Files</Filter>
    </Image>
    <Image Include="res\IMAGES.BMP">
      <Filter>Resource Files</Filter>
    </Image>
    <Image Include="res\MP3Song.ico">
      <Filter>Resource Files</Filter>
    </Image>
    <Image Include="res\MP3SongDoc.ico">
      <Filter>Resource Files</Filter>
    </Image>
    <Image Include="res\open.ico">
      <Filter>Resource Files</Filter>
    </Image>
    <Image Include="res\pause.ico">
      <Filter>Resource Files</Filter>
    </Image>
    <Image Include="res\play.ico">
      <Filter>Resource Files</Filter>
    </Image>
    <Image Include="res\play_ico.ico">
      <Filter>Resource Files</Filter>
    </Image>
    <Image Include="res\stop.ico">
      <Filter>Resource Files</Filter>
    </Image>
    <Image Include="res\Toolbar.bmp">
      <Filter>Resource Files</Filter>
    </Image>
  </ItemGroup>
  <ItemGroup>
    <Text Include="ReadMe.txt" />
  </ItemGroup>
  <ItemGroup>
    <CustomBuild Include="res\MP3Song.rc2">
      <Filter>Resource Files</Filter>
    </CustomBuild>
  </ItemGroup>
</Project>